
Microsoft Visual Studio Solution File, Format Version 12.00
# Visual Studio 15
VisualStudioVersion = 15.0.27703.2042
MinimumVisualStudioVersion = 10.0.40219.1
Project("{E24C65DC-7377-472B-9ABA-BC803B73C61A}") = "TMS_HotDesk", ".", "{55BEBB21-CB9A-4550-A8D3-6A0611219BDC}"
	ProjectSection(WebsiteProperties) = preProject
		TargetFrameworkMoniker = ".NETFramework,Version%3Dv4.5"
		ProjectReferences = "{1322656D-2FAA-4F49-A511-3696DFC1D29C}|Library.common.dll;{D4618A4B-AAEE-415B-AF2C-0874920E87C3}|Library.Control.Base.dll;{55AE13FA-8E18-493E-9BFB-5130A9BF3DB5}|Library.Database.dll;{4695AB18-FF22-4CEF-98C0-C413082AA932}|Library.Root.dll;{0A1F849F-46BC-4255-A499-7D1F76055D36}|Library.SQLServer.dll;{88F0907B-957B-4389-8CEE-08EB846EF8BA}|Library.Oraclecls.dll;"
		Debug.AspNetCompiler.VirtualPath = "/WarehouseRFID"
		Debug.AspNetCompiler.PhysicalPath = "..\TMS_HotDesk\"
		Debug.AspNetCompiler.TargetPath = "PrecompiledWeb\WarehouseRFID\"
		Debug.AspNetCompiler.Updateable = "true"
		Debug.AspNetCompiler.ForceOverwrite = "true"
		Debug.AspNetCompiler.FixedNames = "false"
		Debug.AspNetCompiler.Debug = "True"
		Release.AspNetCompiler.VirtualPath = "/WarehouseRFID"
		Release.AspNetCompiler.PhysicalPath = "..\TMS_HotDesk\"
		Release.AspNetCompiler.TargetPath = "PrecompiledWeb\WarehouseRFID\"
		Release.AspNetCompiler.Updateable = "true"
		Release.AspNetCompiler.ForceOverwrite = "true"
		Release.AspNetCompiler.FixedNames = "false"
		Release.AspNetCompiler.Debug = "False"
		VWDPort = "5348"
		SlnRelativePath = "..\TMS_HotDesk\"
	EndProjectSection
EndProject
Project("{F184B08F-C81C-45F6-A57F-5ABD9991F28F}") = "Library.Common", "Library\Library.Common\Library.Common.vbproj", "{1322656D-2FAA-4F49-A511-3696DFC1D29C}"
EndProject
Project("{F184B08F-C81C-45F6-A57F-5ABD9991F28F}") = "Library.Control.Base", "Library\Library.Control.Base\Library.Control.Base.vbproj", "{D4618A4B-AAEE-415B-AF2C-0874920E87C3}"
EndProject
Project("{F184B08F-C81C-45F6-A57F-5ABD9991F28F}") = "Library.Root", "Library\Library.Root\Library.Root.vbproj", "{4695AB18-FF22-4CEF-98C0-C413082AA932}"
EndProject
Project("{F184B08F-C81C-45F6-A57F-5ABD9991F28F}") = "Library.SQLServer", "Library\Library.SQLServer\Library.SQLServer.vbproj", "{0A1F849F-46BC-4255-A499-7D1F76055D36}"
EndProject
Project("{F184B08F-C81C-45F6-A57F-5ABD9991F28F}") = "Library.Database", "Library\Library.Database\Library.Database.vbproj", "{55AE13FA-8E18-493E-9BFB-5130A9BF3DB5}"
EndProject
Project("{F184B08F-C81C-45F6-A57F-5ABD9991F28F}") = "Library.Oracle", "Library\Library.Oracle\Library.Oracle.vbproj", "{88F0907B-957B-4389-8CEE-08EB846EF8BA}"
EndProject
Global
	GlobalSection(SolutionConfigurationPlatforms) = preSolution
		Debug|.NET = Debug|.NET
		Debug|Any CPU = Debug|Any CPU
		Debug|Mixed Platforms = Debug|Mixed Platforms
		Release|.NET = Release|.NET
		Release|Any CPU = Release|Any CPU
		Release|Mixed Platforms = Release|Mixed Platforms
	EndGlobalSection
	GlobalSection(ProjectConfigurationPlatforms) = postSolution
		{55BEBB21-CB9A-4550-A8D3-6A0611219BDC}.Debug|.NET.ActiveCfg = Debug|Any CPU
		{55BEBB21-CB9A-4550-A8D3-6A0611219BDC}.Debug|.NET.Build.0 = Debug|Any CPU
		{55BEBB21-CB9A-4550-A8D3-6A0611219BDC}.Debug|Any CPU.ActiveCfg = Debug|Any CPU
		{55BEBB21-CB9A-4550-A8D3-6A0611219BDC}.Debug|Any CPU.Build.0 = Debug|Any CPU
		{55BEBB21-CB9A-4550-A8D3-6A0611219BDC}.Debug|Mixed Platforms.ActiveCfg = Debug|Any CPU
		{55BEBB21-CB9A-4550-A8D3-6A0611219BDC}.Debug|Mixed Platforms.Build.0 = Debug|Any CPU
		{55BEBB21-CB9A-4550-A8D3-6A0611219BDC}.Release|.NET.ActiveCfg = Debug|Any CPU
		{55BEBB21-CB9A-4550-A8D3-6A0611219BDC}.Release|.NET.Build.0 = Debug|Any CPU
		{55BEBB21-CB9A-4550-A8D3-6A0611219BDC}.Release|Any CPU.ActiveCfg = Debug|Any CPU
		{55BEBB21-CB9A-4550-A8D3-6A0611219BDC}.Release|Any CPU.Build.0 = Debug|Any CPU
		{55BEBB21-CB9A-4550-A8D3-6A0611219BDC}.Release|Mixed Platforms.ActiveCfg = Debug|Any CPU
		{55BEBB21-CB9A-4550-A8D3-6A0611219BDC}.Release|Mixed Platforms.Build.0 = Debug|Any CPU
		{1322656D-2FAA-4F49-A511-3696DFC1D29C}.Debug|.NET.ActiveCfg = Debug|Any CPU
		{1322656D-2FAA-4F49-A511-3696DFC1D29C}.Debug|Any CPU.ActiveCfg = Debug|Any CPU
		{1322656D-2FAA-4F49-A511-3696DFC1D29C}.Debug|Any CPU.Build.0 = Debug|Any CPU
		{1322656D-2FAA-4F49-A511-3696DFC1D29C}.Debug|Mixed Platforms.ActiveCfg = Debug|Any CPU
		{1322656D-2FAA-4F49-A511-3696DFC1D29C}.Debug|Mixed Platforms.Build.0 = Debug|Any CPU
		{1322656D-2FAA-4F49-A511-3696DFC1D29C}.Release|.NET.ActiveCfg = Release|Any CPU
		{1322656D-2FAA-4F49-A511-3696DFC1D29C}.Release|Any CPU.ActiveCfg = Release|Any CPU
		{1322656D-2FAA-4F49-A511-3696DFC1D29C}.Release|Any CPU.Build.0 = Release|Any CPU
		{1322656D-2FAA-4F49-A511-3696DFC1D29C}.Release|Mixed Platforms.ActiveCfg = Release|Any CPU
		{1322656D-2FAA-4F49-A511-3696DFC1D29C}.Release|Mixed Platforms.Build.0 = Release|Any CPU
		{D4618A4B-AAEE-415B-AF2C-0874920E87C3}.Debug|.NET.ActiveCfg = Debug|Any CPU
		{D4618A4B-AAEE-415B-AF2C-0874920E87C3}.Debug|Any CPU.ActiveCfg = Debug|Any CPU
		{D4618A4B-AAEE-415B-AF2C-0874920E87C3}.Debug|Any CPU.Build.0 = Debug|Any CPU
		{D4618A4B-AAEE-415B-AF2C-0874920E87C3}.Debug|Mixed Platforms.ActiveCfg = Debug|Any CPU
		{D4618A4B-AAEE-415B-AF2C-0874920E87C3}.Debug|Mixed Platforms.Build.0 = Debug|Any CPU
		{D4618A4B-AAEE-415B-AF2C-0874920E87C3}.Release|.NET.ActiveCfg = Release|Any CPU
		{D4618A4B-AAEE-415B-AF2C-0874920E87C3}.Release|Any CPU.ActiveCfg = Release|Any CPU
		{D4618A4B-AAEE-415B-AF2C-0874920E87C3}.Release|Any CPU.Build.0 = Release|Any CPU
		{D4618A4B-AAEE-415B-AF2C-0874920E87C3}.Release|Mixed Platforms.ActiveCfg = Release|Any CPU
		{D4618A4B-AAEE-415B-AF2C-0874920E87C3}.Release|Mixed Platforms.Build.0 = Release|Any CPU
		{4695AB18-FF22-4CEF-98C0-C413082AA932}.Debug|.NET.ActiveCfg = Debug|Any CPU
		{4695AB18-FF22-4CEF-98C0-C413082AA932}.Debug|Any CPU.ActiveCfg = Debug|Any CPU
		{4695AB18-FF22-4CEF-98C0-C413082AA932}.Debug|Any CPU.Build.0 = Debug|Any CPU
		{4695AB18-FF22-4CEF-98C0-C413082AA932}.Debug|Mixed Platforms.ActiveCfg = Debug|Any CPU
		{4695AB18-FF22-4CEF-98C0-C413082AA932}.Debug|Mixed Platforms.Build.0 = Debug|Any CPU
		{4695AB18-FF22-4CEF-98C0-C413082AA932}.Release|.NET.ActiveCfg = Release|Any CPU
		{4695AB18-FF22-4CEF-98C0-C413082AA932}.Release|Any CPU.ActiveCfg = Release|Any CPU
		{4695AB18-FF22-4CEF-98C0-C413082AA932}.Release|Any CPU.Build.0 = Release|Any CPU
		{4695AB18-FF22-4CEF-98C0-C413082AA932}.Release|Mixed Platforms.ActiveCfg = Release|Any CPU
		{4695AB18-FF22-4CEF-98C0-C413082AA932}.Release|Mixed Platforms.Build.0 = Release|Any CPU
		{0A1F849F-46BC-4255-A499-7D1F76055D36}.Debug|.NET.ActiveCfg = Debug|Any CPU
		{0A1F849F-46BC-4255-A499-7D1F76055D36}.Debug|Any CPU.ActiveCfg = Debug|Any CPU
		{0A1F849F-46BC-4255-A499-7D1F76055D36}.Debug|Any CPU.Build.0 = Debug|Any CPU
		{0A1F849F-46BC-4255-A499-7D1F76055D36}.Debug|Mixed Platforms.ActiveCfg = Debug|Any CPU
		{0A1F849F-46BC-4255-A499-7D1F76055D36}.Debug|Mixed Platforms.Build.0 = Debug|Any CPU
		{0A1F849F-46BC-4255-A499-7D1F76055D36}.Release|.NET.ActiveCfg = Release|Any CPU
		{0A1F849F-46BC-4255-A499-7D1F76055D36}.Release|Any CPU.ActiveCfg = Release|Any CPU
		{0A1F849F-46BC-4255-A499-7D1F76055D36}.Release|Any CPU.Build.0 = Release|Any CPU
		{0A1F849F-46BC-4255-A499-7D1F76055D36}.Release|Mixed Platforms.ActiveCfg = Release|Any CPU
		{0A1F849F-46BC-4255-A499-7D1F76055D36}.Release|Mixed Platforms.Build.0 = Release|Any CPU
		{55AE13FA-8E18-493E-9BFB-5130A9BF3DB5}.Debug|.NET.ActiveCfg = Debug|Any CPU
		{55AE13FA-8E18-493E-9BFB-5130A9BF3DB5}.Debug|Any CPU.ActiveCfg = Debug|Any CPU
		{55AE13FA-8E18-493E-9BFB-5130A9BF3DB5}.Debug|Any CPU.Build.0 = Debug|Any CPU
		{55AE13FA-8E18-493E-9BFB-5130A9BF3DB5}.Debug|Mixed Platforms.ActiveCfg = Debug|Any CPU
		{55AE13FA-8E18-493E-9BFB-5130A9BF3DB5}.Debug|Mixed Platforms.Build.0 = Debug|Any CPU
		{55AE13FA-8E18-493E-9BFB-5130A9BF3DB5}.Release|.NET.ActiveCfg = Release|Any CPU
		{55AE13FA-8E18-493E-9BFB-5130A9BF3DB5}.Release|Any CPU.ActiveCfg = Release|Any CPU
		{55AE13FA-8E18-493E-9BFB-5130A9BF3DB5}.Release|Any CPU.Build.0 = Release|Any CPU
		{55AE13FA-8E18-493E-9BFB-5130A9BF3DB5}.Release|Mixed Platforms.ActiveCfg = Release|Any CPU
		{55AE13FA-8E18-493E-9BFB-5130A9BF3DB5}.Release|Mixed Platforms.Build.0 = Release|Any CPU
		{88F0907B-957B-4389-8CEE-08EB846EF8BA}.Debug|.NET.ActiveCfg = Debug|Any CPU
		{88F0907B-957B-4389-8CEE-08EB846EF8BA}.Debug|Any CPU.ActiveCfg = Debug|Any CPU
		{88F0907B-957B-4389-8CEE-08EB846EF8BA}.Debug|Any CPU.Build.0 = Debug|Any CPU
		{88F0907B-957B-4389-8CEE-08EB846EF8BA}.Debug|Mixed Platforms.ActiveCfg = Debug|Any CPU
		{88F0907B-957B-4389-8CEE-08EB846EF8BA}.Debug|Mixed Platforms.Build.0 = Debug|Any CPU
		{88F0907B-957B-4389-8CEE-08EB846EF8BA}.Release|.NET.ActiveCfg = Release|Any CPU
		{88F0907B-957B-4389-8CEE-08EB846EF8BA}.Release|Any CPU.ActiveCfg = Release|Any CPU
		{88F0907B-957B-4389-8CEE-08EB846EF8BA}.Release|Any CPU.Build.0 = Release|Any CPU
		{88F0907B-957B-4389-8CEE-08EB846EF8BA}.Release|Mixed Platforms.ActiveCfg = Release|Any CPU
		{88F0907B-957B-4389-8CEE-08EB846EF8BA}.Release|Mixed Platforms.Build.0 = Release|Any CPU
	EndGlobalSection
	GlobalSection(SolutionProperties) = preSolution
		HideSolutionNode = FALSE
	EndGlobalSection
	GlobalSection(ExtensibilityGlobals) = postSolution
		SolutionGuid = {4268FCA9-60C4-47BF-B100-ACBDB03D4AD6}
	EndGlobalSection
EndGlobal
